
Microsoft Visual Studio Solution File, Format Version 12.00
Project("{FAE04EC0-301F-11D3-BF4B-00C04F79EFBC}") = "Dijkstras Algorithm", "Dijkstras Algorithm.csproj", "{E5D64085-D972-4CCC-8C7F-4192DE2DF26F}"
EndProject
Global
	GlobalSection(SolutionConfigurationPlatforms) = preSolution
		Debug|Any CPU = Debug|Any CPU
		Release|Any CPU = Release|Any CPU
	EndGlobalSection
	GlobalSection(ProjectConfigurationPlatforms) = postSolution
		{E5D64085-D972-4CCC-8C7F-4192DE2DF26F}.Debug|Any CPU.ActiveCfg = Debug|Any CPU
		{E5D64085-D972-4CCC-8C7F-4192DE2DF26F}.Debug|Any CPU.Build.0 = Debug|Any CPU
		{E5D64085-D972-4CCC-8C7F-4192DE2DF26F}.Release|Any CPU.ActiveCfg = Release|Any CPU
		{E5D64085-D972-4CCC-8C7F-4192DE2DF26F}.Release|Any CPU.Build.0 = Release|Any CPU
	EndGlobalSection
EndGlobal
